
Microsoft Visual Studio Solution File, Format Version 12.00
# Visual Studio Version 17
VisualStudioVersion = 17.8.34511.84
MinimumVisualStudioVersion = 10.0.40219.1
Project("{8BC9CEB8-8B4A-11D0-8D11-00A0C91BC942}") = "Mostenirea", "Mostenirea\Mostenirea.vcxproj", "{DE3AB6DE-235E-48E6-BBFD-C4114B7A79BC}"
EndProject
Global
	GlobalSection(SolutionConfigurationPlatforms) = preSolution
		Debug|x64 = Debug|x64
		Debug|x86 = Debug|x86
		Release|x64 = Release|x64
		Release|x86 = Release|x86
	EndGlobalSection
	GlobalSection(ProjectConfigurationPlatforms) = postSolution
		{DE3AB6DE-235E-48E6-BBFD-C4114B7A79BC}.Debug|x64.ActiveCfg = Debug|x64
		{DE3AB6DE-235E-48E6-BBFD-C4114B7A79BC}.Debug|x64.Build.0 = Debug|x64
		{DE3AB6DE-235E-48E6-BBFD-C4114B7A79BC}.Debug|x86.ActiveCfg = Debug|Win32
		{DE3AB6DE-235E-48E6-BBFD-C4114B7A79BC}.Debug|x86.Build.0 = Debug|Win32
		{DE3AB6DE-235E-48E6-BBFD-C4114B7A79BC}.Release|x64.ActiveCfg = Release|x64
		{DE3AB6DE-235E-48E6-BBFD-C4114B7A79BC}.Release|x64.Build.0 = Release|x64
		{DE3AB6DE-235E-48E6-BBFD-C4114B7A79BC}.Release|x86.ActiveCfg = Release|Win32
		{DE3AB6DE-235E-48E6-BBFD-C4114B7A79BC}.Release|x86.Build.0 = Release|Win32
	EndGlobalSection
	GlobalSection(SolutionProperties) = preSolution
		HideSolutionNode = FALSE
	EndGlobalSection
	GlobalSection(ExtensibilityGlobals) = postSolution
		SolutionGuid = {37D00739-50B0-4E52-A15B-9C0715CB621D}
	EndGlobalSection
EndGlobal
